
Microsoft Visual Studio Solution File, Format Version 12.00
# Visual Studio Version 17
VisualStudioVersion = 17.1.32421.90
MinimumVisualStudioVersion = 10.0.40219.1
Project("{9A19103F-16F7-4668-BE54-9A1E7A4F7556}") = "Link2Me", "Link2Me\Link2Me.csproj", "{ED2E6B07-1077-4BF3-A179-FEC2414E9A23}"
EndProject
Global
	GlobalSection(SolutionConfigurationPlatforms) = preSolution
		Debug|Any CPU = Debug|Any CPU
		Release|Any CPU = Release|Any CPU
	EndGlobalSection
	GlobalSection(ProjectConfigurationPlatforms) = postSolution
		{ED2E6B07-1077-4BF3-A179-FEC2414E9A23}.Debug|Any CPU.ActiveCfg = Debug|Any CPU
		{ED2E6B07-1077-4BF3-A179-FEC2414E9A23}.Debug|Any CPU.Build.0 = Debug|Any CPU
		{ED2E6B07-1077-4BF3-A179-FEC2414E9A23}.Release|Any CPU.ActiveCfg = Release|Any CPU
		{ED2E6B07-1077-4BF3-A179-FEC2414E9A23}.Release|Any CPU.Build.0 = Release|Any CPU
	EndGlobalSection
	GlobalSection(SolutionProperties) = preSolution
		HideSolutionNode = FALSE
	EndGlobalSection
	GlobalSection(ExtensibilityGlobals) = postSolution
		SolutionGuid = {D6FE2776-E6DA-4A76-88FF-B86503449AB2}
	EndGlobalSection
EndGlobal
